{
  "nodes": {
    "himmelblau": {
      "inputs": {
        "nixpkgs": [
          "nixpkgs"
        ]
      },
      "locked": {
        "lastModified": 1779397331,
        "narHash": "sha256-pF/Rcsbrj7purz7gxqZ6qcO3kpuB9cOPi8g1rkCJ9ik=",
        "owner": "himmelblau-idm",
        "repo": "himmelblau",
        "rev": "1f848d27f3567008ef23ff5656568e4204b86ca1",
        "type": "github"
      },
      "original": {
        "owner": "himmelblau-idm",
        "ref": "main",
        "repo": "himmelblau",
        "type": "github"
      }
    },
    "nixpkgs": {
      "locked": {
        "lastModified": 1779560665,
        "narHash": "sha256-tpyBcxPpcQb8ukyNF7DoCwfSY3VPsxHoYwj00Cayv5o=",
        "owner": "NixOS",
        "repo": "nixpkgs",
        "rev": "64c08a7ca051951c8eae34e3e3cb1e202fe36786",
        "type": "github"
      },
      "original": {
        "owner": "NixOS",
        "ref": "nixos-unstable",
        "repo": "nixpkgs",
        "type": "github"
      }
    },
    "root": {
      "inputs": {
        "himmelblau": "himmelblau",
        "nixpkgs": "nixpkgs"
      }
    }
  },
  "root": "root",
  "version": 7
}
