{
  "nodes": {
    "himmelblau": {
      "inputs": {
        "nixpkgs": [
          "nixpkgs"
        ]
      },
      "locked": {
        "lastModified": 1780004137,
        "narHash": "sha256-X8ho4yMMlfrSMLrXOCH86wwpF/pHArdhnnG75EPbCCA=",
        "owner": "himmelblau-idm",
        "repo": "himmelblau",
        "rev": "ffab05f88399e5045313d97369f94238b747d7b7",
        "type": "github"
      },
      "original": {
        "owner": "himmelblau-idm",
        "ref": "main",
        "repo": "himmelblau",
        "type": "github"
      }
    },
    "nixpkgs": {
      "locked": {
        "lastModified": 1779560665,
        "narHash": "sha256-tpyBcxPpcQb8ukyNF7DoCwfSY3VPsxHoYwj00Cayv5o=",
        "owner": "NixOS",
        "repo": "nixpkgs",
        "rev": "64c08a7ca051951c8eae34e3e3cb1e202fe36786",
        "type": "github"
      },
      "original": {
        "owner": "NixOS",
        "ref": "nixos-unstable",
        "repo": "nixpkgs",
        "type": "github"
      }
    },
    "root": {
      "inputs": {
        "himmelblau": "himmelblau",
        "nixpkgs": "nixpkgs"
      }
    }
  },
  "root": "root",
  "version": 7
}
